{
  "name": "reveal_slides",
  "lockfileVersion": 3,
  "requires": true,
  "packages": {
    "": {
      "devDependencies": {
        "@types/reveal.js": "^4.4.2"
      }
    },
    "node_modules/@types/reveal.js": {
      "version": "4.4.2",
      "resolved": "https://registry.npmjs.org/@types/reveal.js/-/reveal.js-4.4.2.tgz",
      "integrity": "sha512-z+lVPEWGPFrPv3S9Mx2qLKXA4zT+Mo3GxvW68OR7lbUcCmqjn4vjaQJ2qCW+xNkBUgfR8d3fzLWHmu1PIfRiIA==",
      "dev": true
    }
  }
}
